
Microsoft Visual Studio Solution File, Format Version 12.00
# Visual Studio Version 16
VisualStudioVersion = 16.0.30804.86
MinimumVisualStudioVersion = 10.0.40219.1
Project("{8BC9CEB8-8B4A-11D0-8D11-00A0C91BC942}") = "opencv example", "opencv example\opencv example.vcxproj", "{40BEA723-769A-4A4E-BD2C-571E42D7E5D1}"
EndProject
Global
	GlobalSection(SolutionConfigurationPlatforms) = preSolution
		Debug|x64 = Debug|x64
		Debug|x86 = Debug|x86
		Release|x64 = Release|x64
		Release|x86 = Release|x86
	EndGlobalSection
	GlobalSection(ProjectConfigurationPlatforms) = postSolution
		{40BEA723-769A-4A4E-BD2C-571E42D7E5D1}.Debug|x64.ActiveCfg = Debug|x64
		{40BEA723-769A-4A4E-BD2C-571E42D7E5D1}.Debug|x64.Build.0 = Debug|x64
		{40BEA723-769A-4A4E-BD2C-571E42D7E5D1}.Debug|x86.ActiveCfg = Debug|Win32
		{40BEA723-769A-4A4E-BD2C-571E42D7E5D1}.Debug|x86.Build.0 = Debug|Win32
		{40BEA723-769A-4A4E-BD2C-571E42D7E5D1}.Release|x64.ActiveCfg = Release|x64
		{40BEA723-769A-4A4E-BD2C-571E42D7E5D1}.Release|x64.Build.0 = Release|x64
		{40BEA723-769A-4A4E-BD2C-571E42D7E5D1}.Release|x86.ActiveCfg = Release|Win32
		{40BEA723-769A-4A4E-BD2C-571E42D7E5D1}.Release|x86.Build.0 = Release|Win32
	EndGlobalSection
	GlobalSection(SolutionProperties) = preSolution
		HideSolutionNode = FALSE
	EndGlobalSection
	GlobalSection(ExtensibilityGlobals) = postSolution
		SolutionGuid = {8F952866-F0F1-4CD4-A76A-9B685E467862}
	EndGlobalSection
EndGlobal
